
Microsoft Visual Studio Solution File, Format Version 12.00
# Visual Studio Version 16
VisualStudioVersion = 16.0.31729.503
MinimumVisualStudioVersion = 10.0.40219.1
Project("{FAE04EC0-301F-11D3-BF4B-00C04F79EFBC}") = "CryptoSoft", "CryptoSoft\CryptoSoft.csproj", "{E7A41C3D-28CF-4AE3-A0BE-9F0A46230ABA}"
EndProject
Global
	GlobalSection(SolutionConfigurationPlatforms) = preSolution
		Debug|Any CPU = Debug|Any CPU
		Release|Any CPU = Release|Any CPU
	EndGlobalSection
	GlobalSection(ProjectConfigurationPlatforms) = postSolution
		{E7A41C3D-28CF-4AE3-A0BE-9F0A46230ABA}.Debug|Any CPU.ActiveCfg = Debug|Any CPU
		{E7A41C3D-28CF-4AE3-A0BE-9F0A46230ABA}.Debug|Any CPU.Build.0 = Debug|Any CPU
		{E7A41C3D-28CF-4AE3-A0BE-9F0A46230ABA}.Release|Any CPU.ActiveCfg = Release|Any CPU
		{E7A41C3D-28CF-4AE3-A0BE-9F0A46230ABA}.Release|Any CPU.Build.0 = Release|Any CPU
	EndGlobalSection
	GlobalSection(SolutionProperties) = preSolution
		HideSolutionNode = FALSE
	EndGlobalSection
	GlobalSection(ExtensibilityGlobals) = postSolution
		SolutionGuid = {7AA13263-9305-4387-93D5-3C490D70B756}
	EndGlobalSection
EndGlobal
